
Microsoft Visual Studio Solution File, Format Version 12.00
# Visual Studio Version 16
VisualStudioVersion = 16.0.31313.79
MinimumVisualStudioVersion = 10.0.40219.1
Project("{FAE04EC0-301F-11D3-BF4B-00C04F79EFBC}") = "Pauls-RPG-Game", "Pauls-RPG-Game\Pauls-RPG-Game.csproj", "{1B3A6F03-E8B4-40C1-900A-2D2A9752C0F6}"
EndProject
Project("{FAE04EC0-301F-11D3-BF4B-00C04F79EFBC}") = "Engine", "Engine\Engine.csproj", "{FB59902E-4909-4BB4-8ADD-6D8578442816}"
EndProject
Global
	GlobalSection(SolutionConfigurationPlatforms) = preSolution
		Debug|Any CPU = Debug|Any CPU
		Release|Any CPU = Release|Any CPU
	EndGlobalSection
	GlobalSection(ProjectConfigurationPlatforms) = postSolution
		{1B3A6F03-E8B4-40C1-900A-2D2A9752C0F6}.Debug|Any CPU.ActiveCfg = Debug|Any CPU
		{1B3A6F03-E8B4-40C1-900A-2D2A9752C0F6}.Debug|Any CPU.Build.0 = Debug|Any CPU
		{1B3A6F03-E8B4-40C1-900A-2D2A9752C0F6}.Release|Any CPU.ActiveCfg = Release|Any CPU
		{1B3A6F03-E8B4-40C1-900A-2D2A9752C0F6}.Release|Any CPU.Build.0 = Release|Any CPU
		{FB59902E-4909-4BB4-8ADD-6D8578442816}.Debug|Any CPU.ActiveCfg = Debug|Any CPU
		{FB59902E-4909-4BB4-8ADD-6D8578442816}.Debug|Any CPU.Build.0 = Debug|Any CPU
		{FB59902E-4909-4BB4-8ADD-6D8578442816}.Release|Any CPU.ActiveCfg = Release|Any CPU
		{FB59902E-4909-4BB4-8ADD-6D8578442816}.Release|Any CPU.Build.0 = Release|Any CPU
	EndGlobalSection
	GlobalSection(SolutionProperties) = preSolution
		HideSolutionNode = FALSE
	EndGlobalSection
	GlobalSection(ExtensibilityGlobals) = postSolution
		SolutionGuid = {08FAF504-F9D1-40BA-84EE-C4F3A4535958}
	EndGlobalSection
EndGlobal
